<?xml version="1.0" encoding="utf-8"?>
<Project ToolsVersion="4.0" xmlns="http://schemas.microsoft.com/developer/msbuild/2003">
  <ItemGroup>
    <Filter Include="src">
      <UniqueIdentifier>{5fa3368d-72f6-4ec8-bcd9-5806c970d6da}</UniqueIdentifier>
    </Filter>
    <Filter Include="res">
      <UniqueIdentifier>{91da0847-b820-4301-894a-fcbcf205ec46}</UniqueIdentifier>
    </Filter>
    <Filter Include="res\shaders">
      <UniqueIdentifier>{cfcc7b23-20c9-40c3-bb94-092678c72c1a}</UniqueIdentifier>
    </Filter>
  </ItemGroup>
  <ItemGroup>
    <None Include="res\shaders\axisShader.frag">
      <Filter>res\shaders</Filter>
    </None>
    <None Include="res\shaders\axisShader.vert">
      <Filter>res\shaders</Filter>
    </None>
    <None Include="res\shaders\cubeShader.frag">
      <Filter>res\shaders</Filter>
    </None>
    <None Include="res\shaders\cubeShader.vert">
      <Filter>res\shaders</Filter>
    </None>
    <None Include="res\shaders\gridLineShader.frag">
      <Filter>res\shaders</Filter>
    </None>
    <None Include="res\shaders\gridLineShader.vert">
      <Filter>res\shaders</Filter>
    </None>
    <None Include="res\shaders\baseShader.frag">
      <Filter>res\shaders</Filter>
    </None>
    <None Include="res\shaders\baseShader.vert">
      <Filter>res\shaders</Filter>
    </None>
  </ItemGroup>
  <ItemGroup>
    <ClInclude Include="src\Application\Main.h" />
    <ClInclude Include="src\Camera\Camera.h" />
    <ClInclude Include="src\Mesh\unitCube\UnitCube.h" />
    <ClInclude Include="src\Mesh\unitLine\UnitLine.h" />
    <ClInclude Include="src\Mesh\Mesh.h" />
    <ClInclude Include="src\Models\modelBase\ModelBase.h" />
    <ClInclude Include="src\Models\modelElijah\ModelElijah.h" />
    <ClInclude Include="src\Scene\ObjectNode.h" />
    <ClInclude Include="src\Shader\Shader.h" />
    <ClInclude Include="src\Application\Renderer.h" />
    <ClInclude Include="src\Application\Transform.h" />
    <ClInclude Include="src\Models\Axes\Axes.h" />
    <ClInclude Include="src\Models\gridLines\Grid.h" />
    <ClInclude Include="src\Models\WorldCube\WorldCube.h" />
  </ItemGroup>
  <ItemGroup>
    <ClCompile Include="src\Application\Main.cpp" />
    <ClCompile Include="src\Camera\Camera.cpp" />
    <ClCompile Include="src\Mesh\unitCube\UnitCube.cpp" />
    <ClCompile Include="src\Mesh\unitLine\UnitLine.cpp" />
    <ClCompile Include="src\Models\modelBase\ModelBase.cpp" />
    <ClCompile Include="src\Models\modelElijah\ModelElijah.cpp" />
    <ClCompile Include="src\Scene\ObjectNode.cpp" />
    <ClCompile Include="src\Shader\Shader.cpp" />
    <ClCompile Include="src\Mesh\Mesh.cpp" />
    <ClCompile Include="src\Application\Renderer.cpp" />
    <ClCompile Include="src\Application\Transform.cpp" />
    <ClCompile Include="src\Models\Axes\Axes.cpp" />
    <ClCompile Include="src\Models\gridLines\Grid.cpp" />
    <ClCompile Include="src\Models\WorldCube\WorldCube.cpp" />
  </ItemGroup>
</Project>